
Microsoft Visual Studio Solution File, Format Version 12.00
# Visual Studio 2013
VisualStudioVersion = 12.0.31101.0
MinimumVisualStudioVersion = 10.0.40219.1
Project("{FAE04EC0-301F-11D3-BF4B-00C04F79EFBC}") = "ParcelManager", "ParcelManager\ParcelManager.csproj", "{4863FFCA-EAB9-4393-9095-39715863F957}"
EndProject
Project("{FAE04EC0-301F-11D3-BF4B-00C04F79EFBC}") = "ParcelManagerTests", "ParcelManagerTests\ParcelManagerTests.csproj", "{DAD75EC4-004F-4174-B1EB-D199238746F4}"
EndProject
Global
	GlobalSection(TeamFoundationVersionControl) = preSolution
		SccNumberOfProjects = 3
		SccEnterpriseProvider = {4CA58AB2-18FA-4F8D-95D4-32DDF27D184C}
		SccTeamFoundationServer = https://harshathalye.visualstudio.com/defaultcollection
		SccLocalPath0 = .
		SccProjectUniqueName1 = ParcelManager\\ParcelManager.csproj
		SccProjectName1 = ParcelManager
		SccLocalPath1 = ParcelManager
		SccProjectUniqueName2 = ParcelManagerTests\\ParcelManagerTests.csproj
		SccProjectName2 = ParcelManagerTests
		SccLocalPath2 = ParcelManagerTests
	EndGlobalSection
	GlobalSection(SolutionConfigurationPlatforms) = preSolution
		Debug|Any CPU = Debug|Any CPU
		Release|Any CPU = Release|Any CPU
	EndGlobalSection
	GlobalSection(ProjectConfigurationPlatforms) = postSolution
		{4863FFCA-EAB9-4393-9095-39715863F957}.Debug|Any CPU.ActiveCfg = Debug|Any CPU
		{4863FFCA-EAB9-4393-9095-39715863F957}.Debug|Any CPU.Build.0 = Debug|Any CPU
		{4863FFCA-EAB9-4393-9095-39715863F957}.Release|Any CPU.ActiveCfg = Release|Any CPU
		{4863FFCA-EAB9-4393-9095-39715863F957}.Release|Any CPU.Build.0 = Release|Any CPU
		{DAD75EC4-004F-4174-B1EB-D199238746F4}.Debug|Any CPU.ActiveCfg = Debug|Any CPU
		{DAD75EC4-004F-4174-B1EB-D199238746F4}.Debug|Any CPU.Build.0 = Debug|Any CPU
		{DAD75EC4-004F-4174-B1EB-D199238746F4}.Release|Any CPU.ActiveCfg = Release|Any CPU
		{DAD75EC4-004F-4174-B1EB-D199238746F4}.Release|Any CPU.Build.0 = Release|Any CPU
	EndGlobalSection
	GlobalSection(SolutionProperties) = preSolution
		HideSolutionNode = FALSE
	EndGlobalSection
EndGlobal
